
Microsoft Visual Studio Solution File, Format Version 12.00
# Visual Studio Version 17
VisualStudioVersion = 17.5.33414.496
MinimumVisualStudioVersion = 10.0.40219.1
Project("{FAE04EC0-301F-11D3-BF4B-00C04F79EFBC}") = "TP_MOD5_1302210094", "TP_MOD5_1302210094\TP_MOD5_1302210094.csproj", "{7C023A0E-1E6A-43C0-9E49-FBC4092D9214}"
EndProject
Global
	GlobalSection(SolutionConfigurationPlatforms) = preSolution
		Debug|Any CPU = Debug|Any CPU
		Release|Any CPU = Release|Any CPU
	EndGlobalSection
	GlobalSection(ProjectConfigurationPlatforms) = postSolution
		{7C023A0E-1E6A-43C0-9E49-FBC4092D9214}.Debug|Any CPU.ActiveCfg = Debug|Any CPU
		{7C023A0E-1E6A-43C0-9E49-FBC4092D9214}.Debug|Any CPU.Build.0 = Debug|Any CPU
		{7C023A0E-1E6A-43C0-9E49-FBC4092D9214}.Release|Any CPU.ActiveCfg = Release|Any CPU
		{7C023A0E-1E6A-43C0-9E49-FBC4092D9214}.Release|Any CPU.Build.0 = Release|Any CPU
	EndGlobalSection
	GlobalSection(SolutionProperties) = preSolution
		HideSolutionNode = FALSE
	EndGlobalSection
	GlobalSection(ExtensibilityGlobals) = postSolution
		SolutionGuid = {BA8D5969-2889-4CBF-B7B5-5754FE4E0EB3}
	EndGlobalSection
EndGlobal
